// !$*UTF8*$!
{
	archiveVersion = 1;
	classes = {
	};
	objectVersion = 55;
	objects = {

/* Begin PBXBuildFile section */
		3B17837028EDFB39004F536A /* GymRutinesApp.swift in Sources */ = {isa = PBXBuildFile; fileRef = 3B17836F28EDFB39004F536A /* GymRutinesApp.swift */; };
		3B17837228EDFB39004F536A /* SplashView.swift in Sources */ = {isa = PBXBuildFile; fileRef = 3B17837128EDFB39004F536A /* SplashView.swift */; };
		3B17837428EDFB3A004F536A /* Images.xcassets in Resources */ = {isa = PBXBuildFile; fileRef = 3B17837328EDFB3A004F536A /* Images.xcassets */; };
		3B17837728EDFB3A004F536A /* Preview Assets.xcassets in Resources */ = {isa = PBXBuildFile; fileRef = 3B17837628EDFB3A004F536A /* Preview Assets.xcassets */; };
		3B17837E28EEAD40004F536A /* SplashViewModel.swift in Sources */ = {isa = PBXBuildFile; fileRef = 3B17837D28EEAD40004F536A /* SplashViewModel.swift */; };
		3B1E0222292503AA00893B6E /* LoginView.swift in Sources */ = {isa = PBXBuildFile; fileRef = 3B1E0221292503AA00893B6E /* LoginView.swift */; };
		3B1E0224292503BD00893B6E /* LoginViewModel.swift in Sources */ = {isa = PBXBuildFile; fileRef = 3B1E0223292503BD00893B6E /* LoginViewModel.swift */; };
		3B35EF1029826D23009ECCA5 /* MainView.swift in Sources */ = {isa = PBXBuildFile; fileRef = 3B35EF0F29826D23009ECCA5 /* MainView.swift */; };
		3B35EF1229826E26009ECCA5 /* MainViewModel.swift in Sources */ = {isa = PBXBuildFile; fileRef = 3B35EF1129826E26009ECCA5 /* MainViewModel.swift */; };
		3B35EF162982A996009ECCA5 /* ProgressView.swift in Sources */ = {isa = PBXBuildFile; fileRef = 3B35EF152982A996009ECCA5 /* ProgressView.swift */; };
		3B35EF192982AA68009ECCA5 /* ProgressCellView.swift in Sources */ = {isa = PBXBuildFile; fileRef = 3B35EF182982AA68009ECCA5 /* ProgressCellView.swift */; };
		3B35EF1B2982DCBE009ECCA5 /* ProgressCellModel.swift in Sources */ = {isa = PBXBuildFile; fileRef = 3B35EF1A2982DCBE009ECCA5 /* ProgressCellModel.swift */; };
		3B44383E2984059D00554DBB /* GymRutinesTests.swift in Sources */ = {isa = PBXBuildFile; fileRef = 3B44383D2984059D00554DBB /* GymRutinesTests.swift */; };
		3B87E310297E996200375DC9 /* GoogleService-Info.plist in Resources */ = {isa = PBXBuildFile; fileRef = 3B87E30F297E996200375DC9 /* GoogleService-Info.plist */; };
		3B87E317297EB8DA00375DC9 /* Alerts.swift in Sources */ = {isa = PBXBuildFile; fileRef = 3B87E316297EB8DA00375DC9 /* Alerts.swift */; };
		3B87E31F297FE00100375DC9 /* HomeViewModel.swift in Sources */ = {isa = PBXBuildFile; fileRef = 3B87E31E297FE00100375DC9 /* HomeViewModel.swift */; };
		3B87E321297FE00C00375DC9 /* HomeView.swift in Sources */ = {isa = PBXBuildFile; fileRef = 3B87E320297FE00C00375DC9 /* HomeView.swift */; };
		3BD89C7C29795B5A0014DD5E /* Objects.swift in Sources */ = {isa = PBXBuildFile; fileRef = 3BD89C7B29795B5A0014DD5E /* Objects.swift */; };
		3BD89C8029795CF20014DD5E /* Constants.swift in Sources */ = {isa = PBXBuildFile; fileRef = 3BD89C7F29795CF20014DD5E /* Constants.swift */; };
		3BD89C81297963DE0014DD5E /* Colors.xcassets in Resources */ = {isa = PBXBuildFile; fileRef = 3BD89C7D29795C190014DD5E /* Colors.xcassets */; };
		3BD89C842979720E0014DD5E /* Buttons.swift in Sources */ = {isa = PBXBuildFile; fileRef = 3BD89C832979720E0014DD5E /* Buttons.swift */; };
		8E5C312D28F0525800876DE5 /* BaseViewModel.swift in Sources */ = {isa = PBXBuildFile; fileRef = 8E5C312C28F0525800876DE5 /* BaseViewModel.swift */; };
		8E5C312F28F0529500876DE5 /* BaseCoordinator.swift in Sources */ = {isa = PBXBuildFile; fileRef = 8E5C312E28F0529500876DE5 /* BaseCoordinator.swift */; };
		8E5C313328F0582900876DE5 /* MainCoordinator.swift in Sources */ = {isa = PBXBuildFile; fileRef = 8E5C313228F0582900876DE5 /* MainCoordinator.swift */; };
		8E5C313528F0583500876DE5 /* MainCoordinatorView.swift in Sources */ = {isa = PBXBuildFile; fileRef = 8E5C313428F0583500876DE5 /* MainCoordinatorView.swift */; };
		8E5C313728F05AB100876DE5 /* DependencyInjector.swift in Sources */ = {isa = PBXBuildFile; fileRef = 8E5C313628F05AB100876DE5 /* DependencyInjector.swift */; };
		AFA19DD229785C4F00099881 /* Extension+Views.swift in Sources */ = {isa = PBXBuildFile; fileRef = AFA19DD129785C4F00099881 /* Extension+Views.swift */; };
		FED49B125424F3439A4A51A4 /* Pods_GymRutines.framework in Frameworks */ = {isa = PBXBuildFile; fileRef = 94F5956B8E7D44A2CF13D64C /* Pods_GymRutines.framework */; };
/* End PBXBuildFile section */

/* Begin PBXContainerItemProxy section */
		3B44383F2984059D00554DBB /* PBXContainerItemProxy */ = {
			isa = PBXContainerItemProxy;
			containerPortal = 3B17836428EDFB39004F536A /* Project object */;
			proxyType = 1;
			remoteGlobalIDString = 3B17836B28EDFB39004F536A;
			remoteInfo = GymRutines;
		};
/* End PBXContainerItemProxy section */

/* Begin PBXFileReference section */
		3B17836C28EDFB39004F536A /* GymRutines.app */ = {isa = PBXFileReference; explicitFileType = wrapper.application; includeInIndex = 0; path = GymRutines.app; sourceTree = BUILT_PRODUCTS_DIR; };
		3B17836F28EDFB39004F536A /* GymRutinesApp.swift */ = {isa = PBXFileReference; lastKnownFileType = sourcecode.swift; path = GymRutinesApp.swift; sourceTree = "<group>"; };
		3B17837128EDFB39004F536A /* SplashView.swift */ = {isa = PBXFileReference; lastKnownFileType = sourcecode.swift; path = SplashView.swift; sourceTree = "<group>"; };
		3B17837328EDFB3A004F536A /* Images.xcassets */ = {isa = PBXFileReference; lastKnownFileType = folder.assetcatalog; path = Images.xcassets; sourceTree = "<group>"; };
		3B17837628EDFB3A004F536A /* Preview Assets.xcassets */ = {isa = PBXFileReference; lastKnownFileType = folder.assetcatalog; path = "Preview Assets.xcassets"; sourceTree = "<group>"; };
		3B17837D28EEAD40004F536A /* SplashViewModel.swift */ = {isa = PBXFileReference; lastKnownFileType = sourcecode.swift; path = SplashViewModel.swift; sourceTree = "<group>"; };
		3B1E0221292503AA00893B6E /* LoginView.swift */ = {isa = PBXFileReference; lastKnownFileType = sourcecode.swift; path = LoginView.swift; sourceTree = "<group>"; };
		3B1E0223292503BD00893B6E /* LoginViewModel.swift */ = {isa = PBXFileReference; lastKnownFileType = sourcecode.swift; path = LoginViewModel.swift; sourceTree = "<group>"; };
		3B35EF0F29826D23009ECCA5 /* MainView.swift */ = {isa = PBXFileReference; lastKnownFileType = sourcecode.swift; path = MainView.swift; sourceTree = "<group>"; };
		3B35EF1129826E26009ECCA5 /* MainViewModel.swift */ = {isa = PBXFileReference; lastKnownFileType = sourcecode.swift; path = MainViewModel.swift; sourceTree = "<group>"; };
		3B35EF152982A996009ECCA5 /* ProgressView.swift */ = {isa = PBXFileReference; lastKnownFileType = sourcecode.swift; path = ProgressView.swift; sourceTree = "<group>"; };
		3B35EF182982AA68009ECCA5 /* ProgressCellView.swift */ = {isa = PBXFileReference; lastKnownFileType = sourcecode.swift; path = ProgressCellView.swift; sourceTree = "<group>"; };
		3B35EF1A2982DCBE009ECCA5 /* ProgressCellModel.swift */ = {isa = PBXFileReference; lastKnownFileType = sourcecode.swift; path = ProgressCellModel.swift; sourceTree = "<group>"; };
		3B44383B2984059D00554DBB /* GymRutinesTests.xctest */ = {isa = PBXFileReference; explicitFileType = wrapper.cfbundle; includeInIndex = 0; path = GymRutinesTests.xctest; sourceTree = BUILT_PRODUCTS_DIR; };
		3B44383D2984059D00554DBB /* GymRutinesTests.swift */ = {isa = PBXFileReference; lastKnownFileType = sourcecode.swift; path = GymRutinesTests.swift; sourceTree = "<group>"; };
		3B87E30F297E996200375DC9 /* GoogleService-Info.plist */ = {isa = PBXFileReference; fileEncoding = 4; lastKnownFileType = text.plist.xml; path = "GoogleService-Info.plist"; sourceTree = "<group>"; };
		3B87E316297EB8DA00375DC9 /* Alerts.swift */ = {isa = PBXFileReference; lastKnownFileType = sourcecode.swift; path = Alerts.swift; sourceTree = "<group>"; };
		3B87E31E297FE00100375DC9 /* HomeViewModel.swift */ = {isa = PBXFileReference; lastKnownFileType = sourcecode.swift; path = HomeViewModel.swift; sourceTree = "<group>"; };
		3B87E320297FE00C00375DC9 /* HomeView.swift */ = {isa = PBXFileReference; lastKnownFileType = sourcecode.swift; path = HomeView.swift; sourceTree = "<group>"; };
		3BD89C7B29795B5A0014DD5E /* Objects.swift */ = {isa = PBXFileReference; lastKnownFileType = sourcecode.swift; path = Objects.swift; sourceTree = "<group>"; };
		3BD89C7D29795C190014DD5E /* Colors.xcassets */ = {isa = PBXFileReference; lastKnownFileType = folder.assetcatalog; path = Colors.xcassets; sourceTree = "<group>"; };
		3BD89C7F29795CF20014DD5E /* Constants.swift */ = {isa = PBXFileReference; lastKnownFileType = sourcecode.swift; path = Constants.swift; sourceTree = "<group>"; };
		3BD89C832979720E0014DD5E /* Buttons.swift */ = {isa = PBXFileReference; lastKnownFileType = sourcecode.swift; path = Buttons.swift; sourceTree = "<group>"; };
		74E9F1188643E6D5AC2EE27C /* Pods-GymRutines.release.xcconfig */ = {isa = PBXFileReference; includeInIndex = 1; lastKnownFileType = text.xcconfig; name = "Pods-GymRutines.release.xcconfig"; path = "Target Support Files/Pods-GymRutines/Pods-GymRutines.release.xcconfig"; sourceTree = "<group>"; };
		7F057033AF6895F5E9FB9AC9 /* Pods-GymRutines.debug.xcconfig */ = {isa = PBXFileReference; includeInIndex = 1; lastKnownFileType = text.xcconfig; name = "Pods-GymRutines.debug.xcconfig"; path = "Target Support Files/Pods-GymRutines/Pods-GymRutines.debug.xcconfig"; sourceTree = "<group>"; };
		8E5C312C28F0525800876DE5 /* BaseViewModel.swift */ = {isa = PBXFileReference; lastKnownFileType = sourcecode.swift; path = BaseViewModel.swift; sourceTree = "<group>"; };
		8E5C312E28F0529500876DE5 /* BaseCoordinator.swift */ = {isa = PBXFileReference; lastKnownFileType = sourcecode.swift; path = BaseCoordinator.swift; sourceTree = "<group>"; };
		8E5C313228F0582900876DE5 /* MainCoordinator.swift */ = {isa = PBXFileReference; lastKnownFileType = sourcecode.swift; path = MainCoordinator.swift; sourceTree = "<group>"; };
		8E5C313428F0583500876DE5 /* MainCoordinatorView.swift */ = {isa = PBXFileReference; lastKnownFileType = sourcecode.swift; path = MainCoordinatorView.swift; sourceTree = "<group>"; };
		8E5C313628F05AB100876DE5 /* DependencyInjector.swift */ = {isa = PBXFileReference; lastKnownFileType = sourcecode.swift; path = DependencyInjector.swift; sourceTree = "<group>"; };
		94F5956B8E7D44A2CF13D64C /* Pods_GymRutines.framework */ = {isa = PBXFileReference; explicitFileType = wrapper.framework; includeInIndex = 0; path = Pods_GymRutines.framework; sourceTree = BUILT_PRODUCTS_DIR; };
		AFA19DD129785C4F00099881 /* Extension+Views.swift */ = {isa = PBXFileReference; lastKnownFileType = sourcecode.swift; path = "Extension+Views.swift"; sourceTree = "<group>"; };
/* End PBXFileReference section */

/* Begin PBXFrameworksBuildPhase section */
		3B17836928EDFB39004F536A /* Frameworks */ = {
			isa = PBXFrameworksBuildPhase;
			buildActionMask = 2147483647;
			files = (
				FED49B125424F3439A4A51A4 /* Pods_GymRutines.framework in Frameworks */,
			);
			runOnlyForDeploymentPostprocessing = 0;
		};
		3B4438382984059D00554DBB /* Frameworks */ = {
			isa = PBXFrameworksBuildPhase;
			buildActionMask = 2147483647;
			files = (
			);
			runOnlyForDeploymentPostprocessing = 0;
		};
/* End PBXFrameworksBuildPhase section */

/* Begin PBXGroup section */
		3B17836328EDFB39004F536A = {
			isa = PBXGroup;
			children = (
				3B17836E28EDFB39004F536A /* GymRutines */,
				3B44383C2984059D00554DBB /* GymRutinesTests */,
				3B17836D28EDFB39004F536A /* Products */,
				3DE7FDD0EE8BAF53D10EE09F /* Pods */,
				FDFD793FED7905086FF22AD6 /* Frameworks */,
			);
			sourceTree = "<group>";
		};
		3B17836D28EDFB39004F536A /* Products */ = {
			isa = PBXGroup;
			children = (
				3B17836C28EDFB39004F536A /* GymRutines.app */,
				3B44383B2984059D00554DBB /* GymRutinesTests.xctest */,
			);
			name = Products;
			sourceTree = "<group>";
		};
		3B17836E28EDFB39004F536A /* GymRutines */ = {
			isa = PBXGroup;
			children = (
				3BD89C7929795AF70014DD5E /* Commons */,
				3B1E021D2925032B00893B6E /* Scenes */,
				8E5C313628F05AB100876DE5 /* DependencyInjector.swift */,
				8E5C313028F0580100876DE5 /* Coordinator */,
				8E5C312B28F0524400876DE5 /* Base */,
				3B17836F28EDFB39004F536A /* GymRutinesApp.swift */,
				AFA19DD129785C4F00099881 /* Extension+Views.swift */,
				3B17837328EDFB3A004F536A /* Images.xcassets */,
				3BD89C7D29795C190014DD5E /* Colors.xcassets */,
				3B87E30F297E996200375DC9 /* GoogleService-Info.plist */,
				3B17837528EDFB3A004F536A /* Preview Content */,
			);
			path = GymRutines;
			sourceTree = "<group>";
		};
		3B17837528EDFB3A004F536A /* Preview Content */ = {
			isa = PBXGroup;
			children = (
				3B17837628EDFB3A004F536A /* Preview Assets.xcassets */,
			);
			path = "Preview Content";
			sourceTree = "<group>";
		};
		3B1E021D2925032B00893B6E /* Scenes */ = {
			isa = PBXGroup;
			children = (
				3B35EF0E29826D0F009ECCA5 /* Main */,
				3B87E31D297FDFCD00375DC9 /* Home */,
				3B1E02202925038300893B6E /* Login */,
				3B1E021E2925034600893B6E /* Splash */,
			);
			path = Scenes;
			sourceTree = "<group>";
		};
		3B1E021E2925034600893B6E /* Splash */ = {
			isa = PBXGroup;
			children = (
				3B17837D28EEAD40004F536A /* SplashViewModel.swift */,
				3B17837128EDFB39004F536A /* SplashView.swift */,
			);
			path = Splash;
			sourceTree = "<group>";
		};
		3B1E02202925038300893B6E /* Login */ = {
			isa = PBXGroup;
			children = (
				3B1E0221292503AA00893B6E /* LoginView.swift */,
				3B1E0223292503BD00893B6E /* LoginViewModel.swift */,
			);
			path = Login;
			sourceTree = "<group>";
		};
		3B35EF0E29826D0F009ECCA5 /* Main */ = {
			isa = PBXGroup;
			children = (
				3B35EF0F29826D23009ECCA5 /* MainView.swift */,
				3B35EF1129826E26009ECCA5 /* MainViewModel.swift */,
			);
			path = Main;
			sourceTree = "<group>";
		};
		3B35EF142982A972009ECCA5 /* MyProgressView */ = {
			isa = PBXGroup;
			children = (
				3B35EF172982AA4B009ECCA5 /* ProgressCell */,
				3B35EF152982A996009ECCA5 /* ProgressView.swift */,
			);
			path = MyProgressView;
			sourceTree = "<group>";
		};
		3B35EF172982AA4B009ECCA5 /* ProgressCell */ = {
			isa = PBXGroup;
			children = (
				3B35EF182982AA68009ECCA5 /* ProgressCellView.swift */,
				3B35EF1A2982DCBE009ECCA5 /* ProgressCellModel.swift */,
			);
			path = ProgressCell;
			sourceTree = "<group>";
		};
		3B44383C2984059D00554DBB /* GymRutinesTests */ = {
			isa = PBXGroup;
			children = (
				3B44383D2984059D00554DBB /* GymRutinesTests.swift */,
			);
			path = GymRutinesTests;
			sourceTree = "<group>";
		};
		3B87E315297EB8C400375DC9 /* messages */ = {
			isa = PBXGroup;
			children = (
				3B87E316297EB8DA00375DC9 /* Alerts.swift */,
			);
			path = messages;
			sourceTree = "<group>";
		};
		3B87E31D297FDFCD00375DC9 /* Home */ = {
			isa = PBXGroup;
			children = (
				3B87E31E297FE00100375DC9 /* HomeViewModel.swift */,
				3B87E320297FE00C00375DC9 /* HomeView.swift */,
			);
			path = Home;
			sourceTree = "<group>";
		};
		3BD89C7929795AF70014DD5E /* Commons */ = {
			isa = PBXGroup;
			children = (
				3B87E315297EB8C400375DC9 /* messages */,
				3BD89C7E29795CD20014DD5E /* Constants */,
				3BD89C7A29795B010014DD5E /* Views */,
			);
			path = Commons;
			sourceTree = "<group>";
		};
		3BD89C7A29795B010014DD5E /* Views */ = {
			isa = PBXGroup;
			children = (
				3B35EF142982A972009ECCA5 /* MyProgressView */,
				3BD89C82297971F90014DD5E /* Buttons */,
				3BD89C7B29795B5A0014DD5E /* Objects.swift */,
			);
			path = Views;
			sourceTree = "<group>";
		};
		3BD89C7E29795CD20014DD5E /* Constants */ = {
			isa = PBXGroup;
			children = (
				3BD89C7F29795CF20014DD5E /* Constants.swift */,
			);
			path = Constants;
			sourceTree = "<group>";
		};
		3BD89C82297971F90014DD5E /* Buttons */ = {
			isa = PBXGroup;
			children = (
				3BD89C832979720E0014DD5E /* Buttons.swift */,
			);
			path = Buttons;
			sourceTree = "<group>";
		};
		3DE7FDD0EE8BAF53D10EE09F /* Pods */ = {
			isa = PBXGroup;
			children = (
				7F057033AF6895F5E9FB9AC9 /* Pods-GymRutines.debug.xcconfig */,
				74E9F1188643E6D5AC2EE27C /* Pods-GymRutines.release.xcconfig */,
			);
			path = Pods;
			sourceTree = "<group>";
		};
		8E5C312B28F0524400876DE5 /* Base */ = {
			isa = PBXGroup;
			children = (
				8E5C312C28F0525800876DE5 /* BaseViewModel.swift */,
				8E5C312E28F0529500876DE5 /* BaseCoordinator.swift */,
			);
			path = Base;
			sourceTree = "<group>";
		};
		8E5C313028F0580100876DE5 /* Coordinator */ = {
			isa = PBXGroup;
			children = (
				8E5C313128F0581400876DE5 /* MainCoordinator */,
			);
			path = Coordinator;
			sourceTree = "<group>";
		};
		8E5C313128F0581400876DE5 /* MainCoordinator */ = {
			isa = PBXGroup;
			children = (
				8E5C313228F0582900876DE5 /* MainCoordinator.swift */,
				8E5C313428F0583500876DE5 /* MainCoordinatorView.swift */,
			);
			path = MainCoordinator;
			sourceTree = "<group>";
		};
		FDFD793FED7905086FF22AD6 /* Frameworks */ = {
			isa = PBXGroup;
			children = (
				94F5956B8E7D44A2CF13D64C /* Pods_GymRutines.framework */,
			);
			name = Frameworks;
			sourceTree = "<group>";
		};
/* End PBXGroup section */

/* Begin PBXNativeTarget section */
		3B17836B28EDFB39004F536A /* GymRutines */ = {
			isa = PBXNativeTarget;
			buildConfigurationList = 3B17837A28EDFB3A004F536A /* Build configuration list for PBXNativeTarget "GymRutines" */;
			buildPhases = (
				6E8724C5ECDBBFC123EF7B9F /* [CP] Check Pods Manifest.lock */,
				3B17836828EDFB39004F536A /* Sources */,
				3B17836928EDFB39004F536A /* Frameworks */,
				3B17836A28EDFB39004F536A /* Resources */,
				F55C75F5649F3B4E72AB6CAC /* [CP] Embed Pods Frameworks */,
			);
			buildRules = (
			);
			dependencies = (
			);
			name = GymRutines;
			productName = GymRutines;
			productReference = 3B17836C28EDFB39004F536A /* GymRutines.app */;
			productType = "com.apple.product-type.application";
		};
		3B44383A2984059D00554DBB /* GymRutinesTests */ = {
			isa = PBXNativeTarget;
			buildConfigurationList = 3B4438432984059D00554DBB /* Build configuration list for PBXNativeTarget "GymRutinesTests" */;
			buildPhases = (
				3B4438372984059D00554DBB /* Sources */,
				3B4438382984059D00554DBB /* Frameworks */,
				3B4438392984059D00554DBB /* Resources */,
			);
			buildRules = (
			);
			dependencies = (
				3B4438402984059D00554DBB /* PBXTargetDependency */,
			);
			name = GymRutinesTests;
			productName = GymRutinesTests;
			productReference = 3B44383B2984059D00554DBB /* GymRutinesTests.xctest */;
			productType = "com.apple.product-type.bundle.unit-test";
		};
/* End PBXNativeTarget section */

/* Begin PBXProject section */
		3B17836428EDFB39004F536A /* Project object */ = {
			isa = PBXProject;
			attributes = {
				BuildIndependentTargetsInParallel = 1;
				LastSwiftUpdateCheck = 1410;
				LastUpgradeCheck = 1340;
				TargetAttributes = {
					3B17836B28EDFB39004F536A = {
						CreatedOnToolsVersion = 13.4.1;
					};
					3B44383A2984059D00554DBB = {
						CreatedOnToolsVersion = 14.1;
						TestTargetID = 3B17836B28EDFB39004F536A;
					};
				};
			};
			buildConfigurationList = 3B17836728EDFB39004F536A /* Build configuration list for PBXProject "GymRutines" */;
			compatibilityVersion = "Xcode 13.0";
			developmentRegion = en;
			hasScannedForEncodings = 0;
			knownRegions = (
				en,
				Base,
			);
			mainGroup = 3B17836328EDFB39004F536A;
			productRefGroup = 3B17836D28EDFB39004F536A /* Products */;
			projectDirPath = "";
			projectRoot = "";
			targets = (
				3B17836B28EDFB39004F536A /* GymRutines */,
				3B44383A2984059D00554DBB /* GymRutinesTests */,
			);
		};
/* End PBXProject section */

/* Begin PBXResourcesBuildPhase section */
		3B17836A28EDFB39004F536A /* Resources */ = {
			isa = PBXResourcesBuildPhase;
			buildActionMask = 2147483647;
			files = (
				3BD89C81297963DE0014DD5E /* Colors.xcassets in Resources */,
				3B87E310297E996200375DC9 /* GoogleService-Info.plist in Resources */,
				3B17837728EDFB3A004F536A /* Preview Assets.xcassets in Resources */,
				3B17837428EDFB3A004F536A /* Images.xcassets in Resources */,
			);
			runOnlyForDeploymentPostprocessing = 0;
		};
		3B4438392984059D00554DBB /* Resources */ = {
			isa = PBXResourcesBuildPhase;
			buildActionMask = 2147483647;
			files = (
			);
			runOnlyForDeploymentPostprocessing = 0;
		};
/* End PBXResourcesBuildPhase section */

/* Begin PBXShellScriptBuildPhase section */
		6E8724C5ECDBBFC123EF7B9F /* [CP] Check Pods Manifest.lock */ = {
			isa = PBXShellScriptBuildPhase;
			buildActionMask = 2147483647;
			files = (
			);
			inputFileListPaths = (
			);
			inputPaths = (
				"${PODS_PODFILE_DIR_PATH}/Podfile.lock",
				"${PODS_ROOT}/Manifest.lock",
			);
			name = "[CP] Check Pods Manifest.lock";
			outputFileListPaths = (
			);
			outputPaths = (
				"$(DERIVED_FILE_DIR)/Pods-GymRutines-checkManifestLockResult.txt",
			);
			runOnlyForDeploymentPostprocessing = 0;
			shellPath = /bin/sh;
			shellScript = "diff \"${PODS_PODFILE_DIR_PATH}/Podfile.lock\" \"${PODS_ROOT}/Manifest.lock\" > /dev/null\nif [ $? != 0 ] ; then\n    # print error to STDERR\n    echo \"error: The sandbox is not in sync with the Podfile.lock. Run 'pod install' or update your CocoaPods installation.\" >&2\n    exit 1\nfi\n# This output is used by Xcode 'outputs' to avoid re-running this script phase.\necho \"SUCCESS\" > \"${SCRIPT_OUTPUT_FILE_0}\"\n";
			showEnvVarsInLog = 0;
		};
		F55C75F5649F3B4E72AB6CAC /* [CP] Embed Pods Frameworks */ = {
			isa = PBXShellScriptBuildPhase;
			buildActionMask = 2147483647;
			files = (
			);
			inputFileListPaths = (
				"${PODS_ROOT}/Target Support Files/Pods-GymRutines/Pods-GymRutines-frameworks-${CONFIGURATION}-input-files.xcfilelist",
			);
			name = "[CP] Embed Pods Frameworks";
			outputFileListPaths = (
				"${PODS_ROOT}/Target Support Files/Pods-GymRutines/Pods-GymRutines-frameworks-${CONFIGURATION}-output-files.xcfilelist",
			);
			runOnlyForDeploymentPostprocessing = 0;
			shellPath = /bin/sh;
			shellScript = "\"${PODS_ROOT}/Target Support Files/Pods-GymRutines/Pods-GymRutines-frameworks.sh\"\n";
			showEnvVarsInLog = 0;
		};
/* End PBXShellScriptBuildPhase section */

/* Begin PBXSourcesBuildPhase section */
		3B17836828EDFB39004F536A /* Sources */ = {
			isa = PBXSourcesBuildPhase;
			buildActionMask = 2147483647;
			files = (
				8E5C313728F05AB100876DE5 /* DependencyInjector.swift in Sources */,
				3B35EF1029826D23009ECCA5 /* MainView.swift in Sources */,
				8E5C312F28F0529500876DE5 /* BaseCoordinator.swift in Sources */,
				3B87E317297EB8DA00375DC9 /* Alerts.swift in Sources */,
				3B87E31F297FE00100375DC9 /* HomeViewModel.swift in Sources */,
				8E5C313328F0582900876DE5 /* MainCoordinator.swift in Sources */,
				3B87E321297FE00C00375DC9 /* HomeView.swift in Sources */,
				3B1E0222292503AA00893B6E /* LoginView.swift in Sources */,
				8E5C313528F0583500876DE5 /* MainCoordinatorView.swift in Sources */,
				3B35EF192982AA68009ECCA5 /* ProgressCellView.swift in Sources */,
				3B17837E28EEAD40004F536A /* SplashViewModel.swift in Sources */,
				8E5C312D28F0525800876DE5 /* BaseViewModel.swift in Sources */,
				3BD89C842979720E0014DD5E /* Buttons.swift in Sources */,
				3BD89C8029795CF20014DD5E /* Constants.swift in Sources */,
				3B35EF1B2982DCBE009ECCA5 /* ProgressCellModel.swift in Sources */,
				AFA19DD229785C4F00099881 /* Extension+Views.swift in Sources */,
				3B17837228EDFB39004F536A /* SplashView.swift in Sources */,
				3B1E0224292503BD00893B6E /* LoginViewModel.swift in Sources */,
				3BD89C7C29795B5A0014DD5E /* Objects.swift in Sources */,
				3B35EF162982A996009ECCA5 /* ProgressView.swift in Sources */,
				3B17837028EDFB39004F536A /* GymRutinesApp.swift in Sources */,
				3B35EF1229826E26009ECCA5 /* MainViewModel.swift in Sources */,
			);
			runOnlyForDeploymentPostprocessing = 0;
		};
		3B4438372984059D00554DBB /* Sources */ = {
			isa = PBXSourcesBuildPhase;
			buildActionMask = 2147483647;
			files = (
				3B44383E2984059D00554DBB /* GymRutinesTests.swift in Sources */,
			);
			runOnlyForDeploymentPostprocessing = 0;
		};
/* End PBXSourcesBuildPhase section */

/* Begin PBXTargetDependency section */
		3B4438402984059D00554DBB /* PBXTargetDependency */ = {
			isa = PBXTargetDependency;
			target = 3B17836B28EDFB39004F536A /* GymRutines */;
			targetProxy = 3B44383F2984059D00554DBB /* PBXContainerItemProxy */;
		};
/* End PBXTargetDependency section */

/* Begin XCBuildConfiguration section */
		3B17837828EDFB3A004F536A /* Debug */ = {
			isa = XCBuildConfiguration;
			buildSettings = {
				ALWAYS_SEARCH_USER_PATHS = NO;
				CLANG_ANALYZER_NONNULL = YES;
				CLANG_ANALYZER_NUMBER_OBJECT_CONVERSION = YES_AGGRESSIVE;
				CLANG_CXX_LANGUAGE_STANDARD = "gnu++17";
				CLANG_ENABLE_MODULES = YES;
				CLANG_ENABLE_OBJC_ARC = YES;
				CLANG_ENABLE_OBJC_WEAK = YES;
				CLANG_WARN_BLOCK_CAPTURE_AUTORELEASING = YES;
				CLANG_WARN_BOOL_CONVERSION = YES;
				CLANG_WARN_COMMA = YES;
				CLANG_WARN_CONSTANT_CONVERSION = YES;
				CLANG_WARN_DEPRECATED_OBJC_IMPLEMENTATIONS = YES;
				CLANG_WARN_DIRECT_OBJC_ISA_USAGE = YES_ERROR;
				CLANG_WARN_DOCUMENTATION_COMMENTS = YES;
				CLANG_WARN_EMPTY_BODY = YES;
				CLANG_WARN_ENUM_CONVERSION = YES;
				CLANG_WARN_INFINITE_RECURSION = YES;
				CLANG_WARN_INT_CONVERSION = YES;
				CLANG_WARN_NON_LITERAL_NULL_CONVERSION = YES;
				CLANG_WARN_OBJC_IMPLICIT_RETAIN_SELF = YES;
				CLANG_WARN_OBJC_LITERAL_CONVERSION = YES;
				CLANG_WARN_OBJC_ROOT_CLASS = YES_ERROR;
				CLANG_WARN_QUOTED_INCLUDE_IN_FRAMEWORK_HEADER = YES;
				CLANG_WARN_RANGE_LOOP_ANALYSIS = YES;
				CLANG_WARN_STRICT_PROTOTYPES = YES;
				CLANG_WARN_SUSPICIOUS_MOVE = YES;
				CLANG_WARN_UNGUARDED_AVAILABILITY = YES_AGGRESSIVE;
				CLANG_WARN_UNREACHABLE_CODE = YES;
				CLANG_WARN__DUPLICATE_METHOD_MATCH = YES;
				COPY_PHASE_STRIP = NO;
				DEBUG_INFORMATION_FORMAT = dwarf;
				ENABLE_STRICT_OBJC_MSGSEND = YES;
				ENABLE_TESTABILITY = YES;
				GCC_C_LANGUAGE_STANDARD = gnu11;
				GCC_DYNAMIC_NO_PIC = NO;
				GCC_NO_COMMON_BLOCKS = YES;
				GCC_OPTIMIZATION_LEVEL = 0;
				GCC_PREPROCESSOR_DEFINITIONS = (
					"DEBUG=1",
					"$(inherited)",
				);
				GCC_WARN_64_TO_32_BIT_CONVERSION = YES;
				GCC_WARN_ABOUT_RETURN_TYPE = YES_ERROR;
				GCC_WARN_UNDECLARED_SELECTOR = YES;
				GCC_WARN_UNINITIALIZED_AUTOS = YES_AGGRESSIVE;
				GCC_WARN_UNUSED_FUNCTION = YES;
				GCC_WARN_UNUSED_VARIABLE = YES;
				IPHONEOS_DEPLOYMENT_TARGET = 15.5;
				MTL_ENABLE_DEBUG_INFO = INCLUDE_SOURCE;
				MTL_FAST_MATH = YES;
				ONLY_ACTIVE_ARCH = YES;
				SDKROOT = iphoneos;
				SWIFT_ACTIVE_COMPILATION_CONDITIONS = DEBUG;
				SWIFT_OPTIMIZATION_LEVEL = "-Onone";
			};
			name = Debug;
		};
		3B17837928EDFB3A004F536A /* Release */ = {
			isa = XCBuildConfiguration;
			buildSettings = {
				ALWAYS_SEARCH_USER_PATHS = NO;
				CLANG_ANALYZER_NONNULL = YES;
				CLANG_ANALYZER_NUMBER_OBJECT_CONVERSION = YES_AGGRESSIVE;
				CLANG_CXX_LANGUAGE_STANDARD = "gnu++17";
				CLANG_ENABLE_MODULES = YES;
				CLANG_ENABLE_OBJC_ARC = YES;
				CLANG_ENABLE_OBJC_WEAK = YES;
				CLANG_WARN_BLOCK_CAPTURE_AUTORELEASING = YES;
				CLANG_WARN_BOOL_CONVERSION = YES;
				CLANG_WARN_COMMA = YES;
				CLANG_WARN_CONSTANT_CONVERSION = YES;
				CLANG_WARN_DEPRECATED_OBJC_IMPLEMENTATIONS = YES;
				CLANG_WARN_DIRECT_OBJC_ISA_USAGE = YES_ERROR;
				CLANG_WARN_DOCUMENTATION_COMMENTS = YES;
				CLANG_WARN_EMPTY_BODY = YES;
				CLANG_WARN_ENUM_CONVERSION = YES;
				CLANG_WARN_INFINITE_RECURSION = YES;
				CLANG_WARN_INT_CONVERSION = YES;
				CLANG_WARN_NON_LITERAL_NULL_CONVERSION = YES;
				CLANG_WARN_OBJC_IMPLICIT_RETAIN_SELF = YES;
				CLANG_WARN_OBJC_LITERAL_CONVERSION = YES;
				CLANG_WARN_OBJC_ROOT_CLASS = YES_ERROR;
				CLANG_WARN_QUOTED_INCLUDE_IN_FRAMEWORK_HEADER = YES;
				CLANG_WARN_RANGE_LOOP_ANALYSIS = YES;
				CLANG_WARN_STRICT_PROTOTYPES = YES;
				CLANG_WARN_SUSPICIOUS_MOVE = YES;
				CLANG_WARN_UNGUARDED_AVAILABILITY = YES_AGGRESSIVE;
				CLANG_WARN_UNREACHABLE_CODE = YES;
				CLANG_WARN__DUPLICATE_METHOD_MATCH = YES;
				COPY_PHASE_STRIP = NO;
				DEBUG_INFORMATION_FORMAT = "dwarf-with-dsym";
				ENABLE_NS_ASSERTIONS = NO;
				ENABLE_STRICT_OBJC_MSGSEND = YES;
				GCC_C_LANGUAGE_STANDARD = gnu11;
				GCC_NO_COMMON_BLOCKS = YES;
				GCC_WARN_64_TO_32_BIT_CONVERSION = YES;
				GCC_WARN_ABOUT_RETURN_TYPE = YES_ERROR;
				GCC_WARN_UNDECLARED_SELECTOR = YES;
				GCC_WARN_UNINITIALIZED_AUTOS = YES_AGGRESSIVE;
				GCC_WARN_UNUSED_FUNCTION = YES;
				GCC_WARN_UNUSED_VARIABLE = YES;
				IPHONEOS_DEPLOYMENT_TARGET = 15.5;
				MTL_ENABLE_DEBUG_INFO = NO;
				MTL_FAST_MATH = YES;
				SDKROOT = iphoneos;
				SWIFT_COMPILATION_MODE = wholemodule;
				SWIFT_OPTIMIZATION_LEVEL = "-O";
				VALIDATE_PRODUCT = YES;
			};
			name = Release;
		};
		3B17837B28EDFB3A004F536A /* Debug */ = {
			isa = XCBuildConfiguration;
			baseConfigurationReference = 7F057033AF6895F5E9FB9AC9 /* Pods-GymRutines.debug.xcconfig */;
			buildSettings = {
				ASSETCATALOG_COMPILER_APPICON_NAME = AppIcon;
				ASSETCATALOG_COMPILER_GLOBAL_ACCENT_COLOR_NAME = AccentColor;
				CODE_SIGN_STYLE = Automatic;
				CURRENT_PROJECT_VERSION = 1;
				DEVELOPMENT_ASSET_PATHS = "\"GymRutines/Preview Content\"";
				DEVELOPMENT_TEAM = 969M668MA3;
				ENABLE_PREVIEWS = YES;
				GENERATE_INFOPLIST_FILE = YES;
				INFOPLIST_KEY_UIApplicationSceneManifest_Generation = YES;
				INFOPLIST_KEY_UIApplicationSupportsIndirectInputEvents = YES;
				INFOPLIST_KEY_UILaunchScreen_Generation = YES;
				INFOPLIST_KEY_UISupportedInterfaceOrientations_iPad = "UIInterfaceOrientationPortrait UIInterfaceOrientationPortraitUpsideDown UIInterfaceOrientationLandscapeLeft UIInterfaceOrientationLandscapeRight";
				INFOPLIST_KEY_UISupportedInterfaceOrientations_iPhone = "UIInterfaceOrientationPortrait UIInterfaceOrientationLandscapeLeft UIInterfaceOrientationLandscapeRight";
				IPHONEOS_DEPLOYMENT_TARGET = 16.0;
				LD_RUNPATH_SEARCH_PATHS = (
					"$(inherited)",
					"@executable_path/Frameworks",
				);
				MARKETING_VERSION = 1.0;
				PRODUCT_BUNDLE_IDENTIFIER = ManuelMoreno.GymRutines;
				PRODUCT_NAME = "$(TARGET_NAME)";
				SWIFT_EMIT_LOC_STRINGS = YES;
				SWIFT_VERSION = 5.0;
				TARGETED_DEVICE_FAMILY = "1,2";
			};
			name = Debug;
		};
		3B17837C28EDFB3A004F536A /* Release */ = {
			isa = XCBuildConfiguration;
			baseConfigurationReference = 74E9F1188643E6D5AC2EE27C /* Pods-GymRutines.release.xcconfig */;
			buildSettings = {
				ASSETCATALOG_COMPILER_APPICON_NAME = AppIcon;
				ASSETCATALOG_COMPILER_GLOBAL_ACCENT_COLOR_NAME = AccentColor;
				CODE_SIGN_STYLE = Automatic;
				CURRENT_PROJECT_VERSION = 1;
				DEVELOPMENT_ASSET_PATHS = "\"GymRutines/Preview Content\"";
				DEVELOPMENT_TEAM = 969M668MA3;
				ENABLE_PREVIEWS = YES;
				GENERATE_INFOPLIST_FILE = YES;
				INFOPLIST_KEY_UIApplicationSceneManifest_Generation = YES;
				INFOPLIST_KEY_UIApplicationSupportsIndirectInputEvents = YES;
				INFOPLIST_KEY_UILaunchScreen_Generation = YES;
				INFOPLIST_KEY_UISupportedInterfaceOrientations_iPad = "UIInterfaceOrientationPortrait UIInterfaceOrientationPortraitUpsideDown UIInterfaceOrientationLandscapeLeft UIInterfaceOrientationLandscapeRight";
				INFOPLIST_KEY_UISupportedInterfaceOrientations_iPhone = "UIInterfaceOrientationPortrait UIInterfaceOrientationLandscapeLeft UIInterfaceOrientationLandscapeRight";
				IPHONEOS_DEPLOYMENT_TARGET = 16.0;
				LD_RUNPATH_SEARCH_PATHS = (
					"$(inherited)",
					"@executable_path/Frameworks",
				);
				MARKETING_VERSION = 1.0;
				PRODUCT_BUNDLE_IDENTIFIER = ManuelMoreno.GymRutines;
				PRODUCT_NAME = "$(TARGET_NAME)";
				SWIFT_EMIT_LOC_STRINGS = YES;
				SWIFT_VERSION = 5.0;
				TARGETED_DEVICE_FAMILY = "1,2";
			};
			name = Release;
		};
		3B4438412984059D00554DBB /* Debug */ = {
			isa = XCBuildConfiguration;
			buildSettings = {
				BUNDLE_LOADER = "$(TEST_HOST)";
				CLANG_CXX_LANGUAGE_STANDARD = "gnu++20";
				CODE_SIGN_STYLE = Automatic;
				CURRENT_PROJECT_VERSION = 1;
				DEVELOPMENT_TEAM = 969M668MA3;
				GENERATE_INFOPLIST_FILE = YES;
				IPHONEOS_DEPLOYMENT_TARGET = 16.1;
				MARKETING_VERSION = 1.0;
				PRODUCT_BUNDLE_IDENTIFIER = com.raywenderlich.GymRutinesTests;
				PRODUCT_NAME = "$(TARGET_NAME)";
				SWIFT_EMIT_LOC_STRINGS = NO;
				SWIFT_VERSION = 5.0;
				TARGETED_DEVICE_FAMILY = "1,2";
				TEST_HOST = "$(BUILT_PRODUCTS_DIR)/GymRutines.app/$(BUNDLE_EXECUTABLE_FOLDER_PATH)/GymRutines";
			};
			name = Debug;
		};
		3B4438422984059D00554DBB /* Release */ = {
			isa = XCBuildConfiguration;
			buildSettings = {
				BUNDLE_LOADER = "$(TEST_HOST)";
				CLANG_CXX_LANGUAGE_STANDARD = "gnu++20";
				CODE_SIGN_STYLE = Automatic;
				CURRENT_PROJECT_VERSION = 1;
				DEVELOPMENT_TEAM = 969M668MA3;
				GENERATE_INFOPLIST_FILE = YES;
				IPHONEOS_DEPLOYMENT_TARGET = 16.1;
				MARKETING_VERSION = 1.0;
				PRODUCT_BUNDLE_IDENTIFIER = com.raywenderlich.GymRutinesTests;
				PRODUCT_NAME = "$(TARGET_NAME)";
				SWIFT_EMIT_LOC_STRINGS = NO;
				SWIFT_VERSION = 5.0;
				TARGETED_DEVICE_FAMILY = "1,2";
				TEST_HOST = "$(BUILT_PRODUCTS_DIR)/GymRutines.app/$(BUNDLE_EXECUTABLE_FOLDER_PATH)/GymRutines";
			};
			name = Release;
		};
/* End XCBuildConfiguration section */

/* Begin XCConfigurationList section */
		3B17836728EDFB39004F536A /* Build configuration list for PBXProject "GymRutines" */ = {
			isa = XCConfigurationList;
			buildConfigurations = (
				3B17837828EDFB3A004F536A /* Debug */,
				3B17837928EDFB3A004F536A /* Release */,
			);
			defaultConfigurationIsVisible = 0;
			defaultConfigurationName = Release;
		};
		3B17837A28EDFB3A004F536A /* Build configuration list for PBXNativeTarget "GymRutines" */ = {
			isa = XCConfigurationList;
			buildConfigurations = (
				3B17837B28EDFB3A004F536A /* Debug */,
				3B17837C28EDFB3A004F536A /* Release */,
			);
			defaultConfigurationIsVisible = 0;
			defaultConfigurationName = Release;
		};
		3B4438432984059D00554DBB /* Build configuration list for PBXNativeTarget "GymRutinesTests" */ = {
			isa = XCConfigurationList;
			buildConfigurations = (
				3B4438412984059D00554DBB /* Debug */,
				3B4438422984059D00554DBB /* Release */,
			);
			defaultConfigurationIsVisible = 0;
			defaultConfigurationName = Release;
		};
/* End XCConfigurationList section */
	};
	rootObject = 3B17836428EDFB39004F536A /* Project object */;
}
